
Microsoft Visual Studio Solution File, Format Version 12.00
# Visual Studio Version 17
VisualStudioVersion = 17.1.32210.238
MinimumVisualStudioVersion = 10.0.40219.1
Project("{2150E333-8FDC-42A3-9474-1A3956D46DE8}") = "0 - Apresentacao", "0 - Apresentacao", "{D7E4D59D-411F-4A26-ACAE-D01A55407ABF}"
EndProject
Project("{FAE04EC0-301F-11D3-BF4B-00C04F79EFBC}") = "AR.Apresentacao", "AR.Apresentacao\AR.Apresentacao.csproj", "{A3731894-B358-4F8F-A4D1-C8F27F69778E}"
EndProject
Global
	GlobalSection(SolutionConfigurationPlatforms) = preSolution
		Debug|Any CPU = Debug|Any CPU
		Release|Any CPU = Release|Any CPU
	EndGlobalSection
	GlobalSection(ProjectConfigurationPlatforms) = postSolution
		{A3731894-B358-4F8F-A4D1-C8F27F69778E}.Debug|Any CPU.ActiveCfg = Debug|Any CPU
		{A3731894-B358-4F8F-A4D1-C8F27F69778E}.Debug|Any CPU.Build.0 = Debug|Any CPU
		{A3731894-B358-4F8F-A4D1-C8F27F69778E}.Release|Any CPU.ActiveCfg = Release|Any CPU
		{A3731894-B358-4F8F-A4D1-C8F27F69778E}.Release|Any CPU.Build.0 = Release|Any CPU
	EndGlobalSection
	GlobalSection(SolutionProperties) = preSolution
		HideSolutionNode = FALSE
	EndGlobalSection
	GlobalSection(NestedProjects) = preSolution
		{A3731894-B358-4F8F-A4D1-C8F27F69778E} = {D7E4D59D-411F-4A26-ACAE-D01A55407ABF}
	EndGlobalSection
	GlobalSection(ExtensibilityGlobals) = postSolution
		SolutionGuid = {84514E4A-5990-42B3-AF39-61C5B974F42E}
	EndGlobalSection
EndGlobal
